// !$*UTF8*$!
{
	archiveVersion = 1;
	classes = {
	};
	objectVersion = 51;
	objects = {

/* Begin PBXBuildFile section */
		00A496842569203800940166 /* AppDelegate.swift in Sources */ = {isa = PBXBuildFile; fileRef = 00A496832569203800940166 /* AppDelegate.swift */; };
		00A496862569203800940166 /* SceneDelegate.swift in Sources */ = {isa = PBXBuildFile; fileRef = 00A496852569203800940166 /* SceneDelegate.swift */; };
		00A4968D2569203A00940166 /* Assets.xcassets in Resources */ = {isa = PBXBuildFile; fileRef = 00A4968C2569203A00940166 /* Assets.xcassets */; };
		00A496902569203A00940166 /* LaunchScreen.storyboard in Resources */ = {isa = PBXBuildFile; fileRef = 00A4968E2569203A00940166 /* LaunchScreen.storyboard */; };
		00EEA72625699BAA004253F2 /* LaunchDetailViewModelType.swift in Sources */ = {isa = PBXBuildFile; fileRef = 00EEA72525699BAA004253F2 /* LaunchDetailViewModelType.swift */; };
		00EEA73025699CAE004253F2 /* LaunchDetailViewModel.swift in Sources */ = {isa = PBXBuildFile; fileRef = 00EEA72F25699CAE004253F2 /* LaunchDetailViewModel.swift */; };
		00EEA73425699D8A004253F2 /* LaunchDetailViewController.swift in Sources */ = {isa = PBXBuildFile; fileRef = 00EEA73325699D8A004253F2 /* LaunchDetailViewController.swift */; };
		00EEA73925699E43004253F2 /* LaunchDetailBuilder.swift in Sources */ = {isa = PBXBuildFile; fileRef = 00EEA73825699E43004253F2 /* LaunchDetailBuilder.swift */; };
		00F441D0256929A700A641A5 /* Launch.swift in Sources */ = {isa = PBXBuildFile; fileRef = 00F441CD256929A700A641A5 /* Launch.swift */; };
		00F441D1256929A700A641A5 /* Rocket.swift in Sources */ = {isa = PBXBuildFile; fileRef = 00F441CE256929A700A641A5 /* Rocket.swift */; };
		00F441D2256929A700A641A5 /* Link.swift in Sources */ = {isa = PBXBuildFile; fileRef = 00F441CF256929A700A641A5 /* Link.swift */; };
		00F441D625692A3900A641A5 /* Result.swift in Sources */ = {isa = PBXBuildFile; fileRef = 00F441D525692A3900A641A5 /* Result.swift */; };
		00F441DA25692A7D00A641A5 /* Decoders.swift in Sources */ = {isa = PBXBuildFile; fileRef = 00F441D925692A7D00A641A5 /* Decoders.swift */; };
		00F441DE25692B6F00A641A5 /* LaunchService.swift in Sources */ = {isa = PBXBuildFile; fileRef = 00F441DD25692B6F00A641A5 /* LaunchService.swift */; };
		00F441E825692D1000A641A5 /* Constants.swift in Sources */ = {isa = PBXBuildFile; fileRef = 00F441E725692D1000A641A5 /* Constants.swift */; };
		00F441EB25692D2E00A641A5 /* NetworkContant.swift in Sources */ = {isa = PBXBuildFile; fileRef = 00F441EA25692D2E00A641A5 /* NetworkContant.swift */; };
		00F4421E256939D200A641A5 /* SpaceXTests.swift in Sources */ = {isa = PBXBuildFile; fileRef = 00F4421D256939D200A641A5 /* SpaceXTests.swift */; };
		00F4422925693A0000A641A5 /* launch.json in Resources */ = {isa = PBXBuildFile; fileRef = 00F4422825693A0000A641A5 /* launch.json */; };
		00F4422F25693DD600A641A5 /* AppContainer.swift in Sources */ = {isa = PBXBuildFile; fileRef = 00F4422E25693DD600A641A5 /* AppContainer.swift */; };
		00F4423625693E3700A641A5 /* LaunchListViewModelType.swift in Sources */ = {isa = PBXBuildFile; fileRef = 00F4423525693E3700A641A5 /* LaunchListViewModelType.swift */; };
		00F4423A25693F2700A641A5 /* LaunchPresentation.swift in Sources */ = {isa = PBXBuildFile; fileRef = 00F4423925693F2700A641A5 /* LaunchPresentation.swift */; };
		00F4423E2569405800A641A5 /* LaunchListViewModel.swift in Sources */ = {isa = PBXBuildFile; fileRef = 00F4423D2569405800A641A5 /* LaunchListViewModel.swift */; };
		00F4424825694C0F00A641A5 /* LaunchViewModelTests.swift in Sources */ = {isa = PBXBuildFile; fileRef = 00F4424725694C0F00A641A5 /* LaunchViewModelTests.swift */; };
		00F4424D25694C9500A641A5 /* MockLaunchService.swift in Sources */ = {isa = PBXBuildFile; fileRef = 00F4424C25694C9500A641A5 /* MockLaunchService.swift */; };
		00F4425325694E6400A641A5 /* MockView.swift in Sources */ = {isa = PBXBuildFile; fileRef = 00F4425225694E6400A641A5 /* MockView.swift */; };
		00F4425F2569533600A641A5 /* ResourceLoader.swift in Sources */ = {isa = PBXBuildFile; fileRef = 00F4425E2569533600A641A5 /* ResourceLoader.swift */; };
		00F4426D256967F300A641A5 /* LaunchListViewController.swift in Sources */ = {isa = PBXBuildFile; fileRef = 00F4426C256967F300A641A5 /* LaunchListViewController.swift */; };
		00F4427525696C6000A641A5 /* LaunchListCellViewModelType.swift in Sources */ = {isa = PBXBuildFile; fileRef = 00F4427425696C6000A641A5 /* LaunchListCellViewModelType.swift */; };
		00F4427B25696CBF00A641A5 /* LaunchListCellViewModel.swift in Sources */ = {isa = PBXBuildFile; fileRef = 00F4427A25696CBF00A641A5 /* LaunchListCellViewModel.swift */; };
		00F4428025696D9D00A641A5 /* LaunchListCollectionViewCell.swift in Sources */ = {isa = PBXBuildFile; fileRef = 00F4427F25696D9D00A641A5 /* LaunchListCollectionViewCell.swift */; };
		00F442872569867F00A641A5 /* LaunchListBuilder.swift in Sources */ = {isa = PBXBuildFile; fileRef = 00F442862569867F00A641A5 /* LaunchListBuilder.swift */; };
		BBBD93B585857EF3AF10345D /* Pods_SpaceX.framework in Frameworks */ = {isa = PBXBuildFile; fileRef = 8DCF3BAF3D419A64A10F40D9 /* Pods_SpaceX.framework */; };
/* End PBXBuildFile section */

/* Begin PBXContainerItemProxy section */
		00F44220256939D200A641A5 /* PBXContainerItemProxy */ = {
			isa = PBXContainerItemProxy;
			containerPortal = 00A496782569203800940166 /* Project object */;
			proxyType = 1;
			remoteGlobalIDString = 00A4967F2569203800940166;
			remoteInfo = SpaceX;
		};
/* End PBXContainerItemProxy section */

/* Begin PBXFileReference section */
		00A496802569203800940166 /* SpaceX.app */ = {isa = PBXFileReference; explicitFileType = wrapper.application; includeInIndex = 0; path = SpaceX.app; sourceTree = BUILT_PRODUCTS_DIR; };
		00A496832569203800940166 /* AppDelegate.swift */ = {isa = PBXFileReference; lastKnownFileType = sourcecode.swift; path = AppDelegate.swift; sourceTree = "<group>"; };
		00A496852569203800940166 /* SceneDelegate.swift */ = {isa = PBXFileReference; lastKnownFileType = sourcecode.swift; path = SceneDelegate.swift; sourceTree = "<group>"; };
		00A4968C2569203A00940166 /* Assets.xcassets */ = {isa = PBXFileReference; lastKnownFileType = folder.assetcatalog; path = Assets.xcassets; sourceTree = "<group>"; };
		00A4968F2569203A00940166 /* Base */ = {isa = PBXFileReference; lastKnownFileType = file.storyboard; name = Base; path = Base.lproj/LaunchScreen.storyboard; sourceTree = "<group>"; };
		00A496912569203A00940166 /* Info.plist */ = {isa = PBXFileReference; lastKnownFileType = text.plist.xml; path = Info.plist; sourceTree = "<group>"; };
		00EEA72525699BAA004253F2 /* LaunchDetailViewModelType.swift */ = {isa = PBXFileReference; lastKnownFileType = sourcecode.swift; path = LaunchDetailViewModelType.swift; sourceTree = "<group>"; };
		00EEA72F25699CAE004253F2 /* LaunchDetailViewModel.swift */ = {isa = PBXFileReference; lastKnownFileType = sourcecode.swift; path = LaunchDetailViewModel.swift; sourceTree = "<group>"; };
		00EEA73325699D8A004253F2 /* LaunchDetailViewController.swift */ = {isa = PBXFileReference; lastKnownFileType = sourcecode.swift; path = LaunchDetailViewController.swift; sourceTree = "<group>"; };
		00EEA73825699E43004253F2 /* LaunchDetailBuilder.swift */ = {isa = PBXFileReference; lastKnownFileType = sourcecode.swift; path = LaunchDetailBuilder.swift; sourceTree = "<group>"; };
		00F441CD256929A700A641A5 /* Launch.swift */ = {isa = PBXFileReference; fileEncoding = 4; lastKnownFileType = sourcecode.swift; path = Launch.swift; sourceTree = "<group>"; };
		00F441CE256929A700A641A5 /* Rocket.swift */ = {isa = PBXFileReference; fileEncoding = 4; lastKnownFileType = sourcecode.swift; path = Rocket.swift; sourceTree = "<group>"; };
		00F441CF256929A700A641A5 /* Link.swift */ = {isa = PBXFileReference; fileEncoding = 4; lastKnownFileType = sourcecode.swift; path = Link.swift; sourceTree = "<group>"; };
		00F441D525692A3900A641A5 /* Result.swift */ = {isa = PBXFileReference; lastKnownFileType = sourcecode.swift; path = Result.swift; sourceTree = "<group>"; };
		00F441D925692A7D00A641A5 /* Decoders.swift */ = {isa = PBXFileReference; lastKnownFileType = sourcecode.swift; path = Decoders.swift; sourceTree = "<group>"; };
		00F441DD25692B6F00A641A5 /* LaunchService.swift */ = {isa = PBXFileReference; lastKnownFileType = sourcecode.swift; path = LaunchService.swift; sourceTree = "<group>"; };
		00F441E725692D1000A641A5 /* Constants.swift */ = {isa = PBXFileReference; lastKnownFileType = sourcecode.swift; path = Constants.swift; sourceTree = "<group>"; };
		00F441EA25692D2E00A641A5 /* NetworkContant.swift */ = {isa = PBXFileReference; lastKnownFileType = sourcecode.swift; path = NetworkContant.swift; sourceTree = "<group>"; };
		00F4421B256939D200A641A5 /* SpaceXTests.xctest */ = {isa = PBXFileReference; explicitFileType = wrapper.cfbundle; includeInIndex = 0; path = SpaceXTests.xctest; sourceTree = BUILT_PRODUCTS_DIR; };
		00F4421D256939D200A641A5 /* SpaceXTests.swift */ = {isa = PBXFileReference; lastKnownFileType = sourcecode.swift; path = SpaceXTests.swift; sourceTree = "<group>"; };
		00F4421F256939D200A641A5 /* Info.plist */ = {isa = PBXFileReference; lastKnownFileType = text.plist.xml; path = Info.plist; sourceTree = "<group>"; };
		00F4422825693A0000A641A5 /* launch.json */ = {isa = PBXFileReference; lastKnownFileType = text.json; path = launch.json; sourceTree = "<group>"; };
		00F4422E25693DD600A641A5 /* AppContainer.swift */ = {isa = PBXFileReference; lastKnownFileType = sourcecode.swift; path = AppContainer.swift; sourceTree = "<group>"; };
		00F4423525693E3700A641A5 /* LaunchListViewModelType.swift */ = {isa = PBXFileReference; lastKnownFileType = sourcecode.swift; path = LaunchListViewModelType.swift; sourceTree = "<group>"; };
		00F4423925693F2700A641A5 /* LaunchPresentation.swift */ = {isa = PBXFileReference; lastKnownFileType = sourcecode.swift; path = LaunchPresentation.swift; sourceTree = "<group>"; };
		00F4423D2569405800A641A5 /* LaunchListViewModel.swift */ = {isa = PBXFileReference; lastKnownFileType = sourcecode.swift; path = LaunchListViewModel.swift; sourceTree = "<group>"; };
		00F4424725694C0F00A641A5 /* LaunchViewModelTests.swift */ = {isa = PBXFileReference; lastKnownFileType = sourcecode.swift; path = LaunchViewModelTests.swift; sourceTree = "<group>"; };
		00F4424C25694C9500A641A5 /* MockLaunchService.swift */ = {isa = PBXFileReference; lastKnownFileType = sourcecode.swift; path = MockLaunchService.swift; sourceTree = "<group>"; };
		00F4425225694E6400A641A5 /* MockView.swift */ = {isa = PBXFileReference; lastKnownFileType = sourcecode.swift; path = MockView.swift; sourceTree = "<group>"; };
		00F4425E2569533600A641A5 /* ResourceLoader.swift */ = {isa = PBXFileReference; lastKnownFileType = sourcecode.swift; path = ResourceLoader.swift; sourceTree = "<group>"; };
		00F4426C256967F300A641A5 /* LaunchListViewController.swift */ = {isa = PBXFileReference; lastKnownFileType = sourcecode.swift; path = LaunchListViewController.swift; sourceTree = "<group>"; };
		00F4427425696C6000A641A5 /* LaunchListCellViewModelType.swift */ = {isa = PBXFileReference; lastKnownFileType = sourcecode.swift; path = LaunchListCellViewModelType.swift; sourceTree = "<group>"; };
		00F4427A25696CBF00A641A5 /* LaunchListCellViewModel.swift */ = {isa = PBXFileReference; lastKnownFileType = sourcecode.swift; path = LaunchListCellViewModel.swift; sourceTree = "<group>"; };
		00F4427F25696D9D00A641A5 /* LaunchListCollectionViewCell.swift */ = {isa = PBXFileReference; lastKnownFileType = sourcecode.swift; path = LaunchListCollectionViewCell.swift; sourceTree = "<group>"; };
		00F442862569867F00A641A5 /* LaunchListBuilder.swift */ = {isa = PBXFileReference; lastKnownFileType = sourcecode.swift; path = LaunchListBuilder.swift; sourceTree = "<group>"; };
		2A1EE4CDB23D29268BDC4C54 /* Pods-SpaceX.debug.xcconfig */ = {isa = PBXFileReference; includeInIndex = 1; lastKnownFileType = text.xcconfig; name = "Pods-SpaceX.debug.xcconfig"; path = "Target Support Files/Pods-SpaceX/Pods-SpaceX.debug.xcconfig"; sourceTree = "<group>"; };
		5E0A4E0EB5825FB07BB39018 /* Pods-SpaceX.release.xcconfig */ = {isa = PBXFileReference; includeInIndex = 1; lastKnownFileType = text.xcconfig; name = "Pods-SpaceX.release.xcconfig"; path = "Target Support Files/Pods-SpaceX/Pods-SpaceX.release.xcconfig"; sourceTree = "<group>"; };
		8DCF3BAF3D419A64A10F40D9 /* Pods_SpaceX.framework */ = {isa = PBXFileReference; explicitFileType = wrapper.framework; includeInIndex = 0; path = Pods_SpaceX.framework; sourceTree = BUILT_PRODUCTS_DIR; };
/* End PBXFileReference section */

/* Begin PBXFrameworksBuildPhase section */
		00A4967D2569203800940166 /* Frameworks */ = {
			isa = PBXFrameworksBuildPhase;
			buildActionMask = 2147483647;
			files = (
				BBBD93B585857EF3AF10345D /* Pods_SpaceX.framework in Frameworks */,
			);
			runOnlyForDeploymentPostprocessing = 0;
		};
		00F44218256939D200A641A5 /* Frameworks */ = {
			isa = PBXFrameworksBuildPhase;
			buildActionMask = 2147483647;
			files = (
			);
			runOnlyForDeploymentPostprocessing = 0;
		};
/* End PBXFrameworksBuildPhase section */

/* Begin PBXGroup section */
		00A496772569203800940166 = {
			isa = PBXGroup;
			children = (
				00A496822569203800940166 /* SpaceX */,
				00F4421C256939D200A641A5 /* SpaceXTests */,
				00A496812569203800940166 /* Products */,
				A7C567AE674BABD201D8BC6C /* Pods */,
				2032296F41B2A59613058D3D /* Frameworks */,
			);
			sourceTree = "<group>";
		};
		00A496812569203800940166 /* Products */ = {
			isa = PBXGroup;
			children = (
				00A496802569203800940166 /* SpaceX.app */,
				00F4421B256939D200A641A5 /* SpaceXTests.xctest */,
			);
			name = Products;
			sourceTree = "<group>";
		};
		00A496822569203800940166 /* SpaceX */ = {
			isa = PBXGroup;
			children = (
				00F441C02569290200A641A5 /* App */,
				00F441E525692CF500A641A5 /* Constants */,
				00F441C32569291300A641A5 /* Model */,
				00F441C42569291D00A641A5 /* Resources */,
				00F441C22569290E00A641A5 /* Screens */,
				00F441C12569290800A641A5 /* Services */,
			);
			path = SpaceX;
			sourceTree = "<group>";
		};
		00EEA72325699B1B004253F2 /* LaunchDetail */ = {
			isa = PBXGroup;
			children = (
				00EEA72525699BAA004253F2 /* LaunchDetailViewModelType.swift */,
				00EEA72F25699CAE004253F2 /* LaunchDetailViewModel.swift */,
				00EEA73325699D8A004253F2 /* LaunchDetailViewController.swift */,
				00EEA73825699E43004253F2 /* LaunchDetailBuilder.swift */,
			);
			path = LaunchDetail;
			sourceTree = "<group>";
		};
		00F441C02569290200A641A5 /* App */ = {
			isa = PBXGroup;
			children = (
				00F4422E25693DD600A641A5 /* AppContainer.swift */,
				00A496832569203800940166 /* AppDelegate.swift */,
				00A496852569203800940166 /* SceneDelegate.swift */,
				00A496912569203A00940166 /* Info.plist */,
			);
			path = App;
			sourceTree = "<group>";
		};
		00F441C12569290800A641A5 /* Services */ = {
			isa = PBXGroup;
			children = (
				00F441D825692A6600A641A5 /* Helpers */,
				00F441DD25692B6F00A641A5 /* LaunchService.swift */,
			);
			path = Services;
			sourceTree = "<group>";
		};
		00F441C22569290E00A641A5 /* Screens */ = {
			isa = PBXGroup;
			children = (
				00EEA72325699B1B004253F2 /* LaunchDetail */,
				00F4423425693E1900A641A5 /* LaunchList */,
			);
			path = Screens;
			sourceTree = "<group>";
		};
		00F441C32569291300A641A5 /* Model */ = {
			isa = PBXGroup;
			children = (
				00F441CD256929A700A641A5 /* Launch.swift */,
				00F441CF256929A700A641A5 /* Link.swift */,
				00F441CE256929A700A641A5 /* Rocket.swift */,
			);
			path = Model;
			sourceTree = "<group>";
		};
		00F441C42569291D00A641A5 /* Resources */ = {
			isa = PBXGroup;
			children = (
				00A4968C2569203A00940166 /* Assets.xcassets */,
				00A4968E2569203A00940166 /* LaunchScreen.storyboard */,
			);
			path = Resources;
			sourceTree = "<group>";
		};
		00F441D825692A6600A641A5 /* Helpers */ = {
			isa = PBXGroup;
			children = (
				00F441D525692A3900A641A5 /* Result.swift */,
				00F441D925692A7D00A641A5 /* Decoders.swift */,
			);
			path = Helpers;
			sourceTree = "<group>";
		};
		00F441E525692CF500A641A5 /* Constants */ = {
			isa = PBXGroup;
			children = (
				00F441E625692CFC00A641A5 /* NetworkConstants */,
				00F441E725692D1000A641A5 /* Constants.swift */,
			);
			path = Constants;
			sourceTree = "<group>";
		};
		00F441E625692CFC00A641A5 /* NetworkConstants */ = {
			isa = PBXGroup;
			children = (
				00F441EA25692D2E00A641A5 /* NetworkContant.swift */,
			);
			path = NetworkConstants;
			sourceTree = "<group>";
		};
		00F4421C256939D200A641A5 /* SpaceXTests */ = {
			isa = PBXGroup;
			children = (
				00F4425E2569533600A641A5 /* ResourceLoader.swift */,
				00F4421F256939D200A641A5 /* Info.plist */,
				00F4425C256952EC00A641A5 /* ServiceTests */,
				00F4425D256952FC00A641A5 /* LaunchViewModelTest */,
				00F4424B25694C7800A641A5 /* Mocks */,
				00F44227256939E800A641A5 /* Resources */,
			);
			path = SpaceXTests;
			sourceTree = "<group>";
		};
		00F44227256939E800A641A5 /* Resources */ = {
			isa = PBXGroup;
			children = (
				00F4422825693A0000A641A5 /* launch.json */,
			);
			path = Resources;
			sourceTree = "<group>";
		};
		00F4423425693E1900A641A5 /* LaunchList */ = {
			isa = PBXGroup;
			children = (
				00F4427225696C1200A641A5 /* LaunchListCell */,
				00F4423525693E3700A641A5 /* LaunchListViewModelType.swift */,
				00F4423925693F2700A641A5 /* LaunchPresentation.swift */,
				00F4423D2569405800A641A5 /* LaunchListViewModel.swift */,
				00F4426C256967F300A641A5 /* LaunchListViewController.swift */,
				00F442862569867F00A641A5 /* LaunchListBuilder.swift */,
			);
			path = LaunchList;
			sourceTree = "<group>";
		};
		00F4424B25694C7800A641A5 /* Mocks */ = {
			isa = PBXGroup;
			children = (
				00F4424C25694C9500A641A5 /* MockLaunchService.swift */,
				00F4425225694E6400A641A5 /* MockView.swift */,
			);
			path = Mocks;
			sourceTree = "<group>";
		};
		00F4425C256952EC00A641A5 /* ServiceTests */ = {
			isa = PBXGroup;
			children = (
				00F4421D256939D200A641A5 /* SpaceXTests.swift */,
			);
			path = ServiceTests;
			sourceTree = "<group>";
		};
		00F4425D256952FC00A641A5 /* LaunchViewModelTest */ = {
			isa = PBXGroup;
			children = (
				00F4424725694C0F00A641A5 /* LaunchViewModelTests.swift */,
			);
			path = LaunchViewModelTest;
			sourceTree = "<group>";
		};
		00F4427225696C1200A641A5 /* LaunchListCell */ = {
			isa = PBXGroup;
			children = (
				00F4427425696C6000A641A5 /* LaunchListCellViewModelType.swift */,
				00F4427A25696CBF00A641A5 /* LaunchListCellViewModel.swift */,
				00F4427F25696D9D00A641A5 /* LaunchListCollectionViewCell.swift */,
			);
			path = LaunchListCell;
			sourceTree = "<group>";
		};
		2032296F41B2A59613058D3D /* Frameworks */ = {
			isa = PBXGroup;
			children = (
				8DCF3BAF3D419A64A10F40D9 /* Pods_SpaceX.framework */,
			);
			name = Frameworks;
			sourceTree = "<group>";
		};
		A7C567AE674BABD201D8BC6C /* Pods */ = {
			isa = PBXGroup;
			children = (
				2A1EE4CDB23D29268BDC4C54 /* Pods-SpaceX.debug.xcconfig */,
				5E0A4E0EB5825FB07BB39018 /* Pods-SpaceX.release.xcconfig */,
			);
			path = Pods;
			sourceTree = "<group>";
		};
/* End PBXGroup section */

/* Begin PBXNativeTarget section */
		00A4967F2569203800940166 /* SpaceX */ = {
			isa = PBXNativeTarget;
			buildConfigurationList = 00A496942569203A00940166 /* Build configuration list for PBXNativeTarget "SpaceX" */;
			buildPhases = (
				2A18D60FE2E44200D43C7684 /* [CP] Check Pods Manifest.lock */,
				00A4967C2569203800940166 /* Sources */,
				00A4967D2569203800940166 /* Frameworks */,
				00A4967E2569203800940166 /* Resources */,
				398F4592D163E30D6C2CADAC /* [CP] Embed Pods Frameworks */,
			);
			buildRules = (
			);
			dependencies = (
			);
			name = SpaceX;
			productName = SpaceX;
			productReference = 00A496802569203800940166 /* SpaceX.app */;
			productType = "com.apple.product-type.application";
		};
		00F4421A256939D200A641A5 /* SpaceXTests */ = {
			isa = PBXNativeTarget;
			buildConfigurationList = 00F44224256939D200A641A5 /* Build configuration list for PBXNativeTarget "SpaceXTests" */;
			buildPhases = (
				00F44217256939D200A641A5 /* Sources */,
				00F44218256939D200A641A5 /* Frameworks */,
				00F44219256939D200A641A5 /* Resources */,
			);
			buildRules = (
			);
			dependencies = (
				00F44221256939D200A641A5 /* PBXTargetDependency */,
			);
			name = SpaceXTests;
			productName = SpaceXTests;
			productReference = 00F4421B256939D200A641A5 /* SpaceXTests.xctest */;
			productType = "com.apple.product-type.bundle.unit-test";
		};
/* End PBXNativeTarget section */

/* Begin PBXProject section */
		00A496782569203800940166 /* Project object */ = {
			isa = PBXProject;
			attributes = {
				LastSwiftUpdateCheck = 1220;
				LastUpgradeCheck = 1220;
				TargetAttributes = {
					00A4967F2569203800940166 = {
						CreatedOnToolsVersion = 12.2;
					};
					00F4421A256939D200A641A5 = {
						CreatedOnToolsVersion = 12.2;
						TestTargetID = 00A4967F2569203800940166;
					};
				};
			};
			buildConfigurationList = 00A4967B2569203800940166 /* Build configuration list for PBXProject "SpaceX" */;
			compatibilityVersion = "Xcode 9.3";
			developmentRegion = en;
			hasScannedForEncodings = 0;
			knownRegions = (
				en,
				Base,
			);
			mainGroup = 00A496772569203800940166;
			productRefGroup = 00A496812569203800940166 /* Products */;
			projectDirPath = "";
			projectRoot = "";
			targets = (
				00A4967F2569203800940166 /* SpaceX */,
				00F4421A256939D200A641A5 /* SpaceXTests */,
			);
		};
/* End PBXProject section */

/* Begin PBXResourcesBuildPhase section */
		00A4967E2569203800940166 /* Resources */ = {
			isa = PBXResourcesBuildPhase;
			buildActionMask = 2147483647;
			files = (
				00A496902569203A00940166 /* LaunchScreen.storyboard in Resources */,
				00A4968D2569203A00940166 /* Assets.xcassets in Resources */,
			);
			runOnlyForDeploymentPostprocessing = 0;
		};
		00F44219256939D200A641A5 /* Resources */ = {
			isa = PBXResourcesBuildPhase;
			buildActionMask = 2147483647;
			files = (
				00F4422925693A0000A641A5 /* launch.json in Resources */,
			);
			runOnlyForDeploymentPostprocessing = 0;
		};
/* End PBXResourcesBuildPhase section */

/* Begin PBXShellScriptBuildPhase section */
		2A18D60FE2E44200D43C7684 /* [CP] Check Pods Manifest.lock */ = {
			isa = PBXShellScriptBuildPhase;
			buildActionMask = 2147483647;
			files = (
			);
			inputFileListPaths = (
			);
			inputPaths = (
				"${PODS_PODFILE_DIR_PATH}/Podfile.lock",
				"${PODS_ROOT}/Manifest.lock",
			);
			name = "[CP] Check Pods Manifest.lock";
			outputFileListPaths = (
			);
			outputPaths = (
				"$(DERIVED_FILE_DIR)/Pods-SpaceX-checkManifestLockResult.txt",
			);
			runOnlyForDeploymentPostprocessing = 0;
			shellPath = /bin/sh;
			shellScript = "diff \"${PODS_PODFILE_DIR_PATH}/Podfile.lock\" \"${PODS_ROOT}/Manifest.lock\" > /dev/null\nif [ $? != 0 ] ; then\n    # print error to STDERR\n    echo \"error: The sandbox is not in sync with the Podfile.lock. Run 'pod install' or update your CocoaPods installation.\" >&2\n    exit 1\nfi\n# This output is used by Xcode 'outputs' to avoid re-running this script phase.\necho \"SUCCESS\" > \"${SCRIPT_OUTPUT_FILE_0}\"\n";
			showEnvVarsInLog = 0;
		};
		398F4592D163E30D6C2CADAC /* [CP] Embed Pods Frameworks */ = {
			isa = PBXShellScriptBuildPhase;
			buildActionMask = 2147483647;
			files = (
			);
			inputFileListPaths = (
				"${PODS_ROOT}/Target Support Files/Pods-SpaceX/Pods-SpaceX-frameworks-${CONFIGURATION}-input-files.xcfilelist",
			);
			name = "[CP] Embed Pods Frameworks";
			outputFileListPaths = (
				"${PODS_ROOT}/Target Support Files/Pods-SpaceX/Pods-SpaceX-frameworks-${CONFIGURATION}-output-files.xcfilelist",
			);
			runOnlyForDeploymentPostprocessing = 0;
			shellPath = /bin/sh;
			shellScript = "\"${PODS_ROOT}/Target Support Files/Pods-SpaceX/Pods-SpaceX-frameworks.sh\"\n";
			showEnvVarsInLog = 0;
		};
/* End PBXShellScriptBuildPhase section */

/* Begin PBXSourcesBuildPhase section */
		00A4967C2569203800940166 /* Sources */ = {
			isa = PBXSourcesBuildPhase;
			buildActionMask = 2147483647;
			files = (
				00F4423A25693F2700A641A5 /* LaunchPresentation.swift in Sources */,
				00A496842569203800940166 /* AppDelegate.swift in Sources */,
				00EEA72625699BAA004253F2 /* LaunchDetailViewModelType.swift in Sources */,
				00F442872569867F00A641A5 /* LaunchListBuilder.swift in Sources */,
				00F441DA25692A7D00A641A5 /* Decoders.swift in Sources */,
				00EEA73025699CAE004253F2 /* LaunchDetailViewModel.swift in Sources */,
				00F4427525696C6000A641A5 /* LaunchListCellViewModelType.swift in Sources */,
				00F441D0256929A700A641A5 /* Launch.swift in Sources */,
				00EEA73925699E43004253F2 /* LaunchDetailBuilder.swift in Sources */,
				00F441D2256929A700A641A5 /* Link.swift in Sources */,
				00F4427B25696CBF00A641A5 /* LaunchListCellViewModel.swift in Sources */,
				00F4422F25693DD600A641A5 /* AppContainer.swift in Sources */,
				00F4423625693E3700A641A5 /* LaunchListViewModelType.swift in Sources */,
				00EEA73425699D8A004253F2 /* LaunchDetailViewController.swift in Sources */,
				00F441E825692D1000A641A5 /* Constants.swift in Sources */,
				00F4426D256967F300A641A5 /* LaunchListViewController.swift in Sources */,
				00F441D625692A3900A641A5 /* Result.swift in Sources */,
				00F4423E2569405800A641A5 /* LaunchListViewModel.swift in Sources */,
				00F441D1256929A700A641A5 /* Rocket.swift in Sources */,
				00F441EB25692D2E00A641A5 /* NetworkContant.swift in Sources */,
				00F4428025696D9D00A641A5 /* LaunchListCollectionViewCell.swift in Sources */,
				00A496862569203800940166 /* SceneDelegate.swift in Sources */,
				00F441DE25692B6F00A641A5 /* LaunchService.swift in Sources */,
			);
			runOnlyForDeploymentPostprocessing = 0;
		};
		00F44217256939D200A641A5 /* Sources */ = {
			isa = PBXSourcesBuildPhase;
			buildActionMask = 2147483647;
			files = (
				00F4421E256939D200A641A5 /* SpaceXTests.swift in Sources */,
				00F4424825694C0F00A641A5 /* LaunchViewModelTests.swift in Sources */,
				00F4425F2569533600A641A5 /* ResourceLoader.swift in Sources */,
				00F4425325694E6400A641A5 /* MockView.swift in Sources */,
				00F4424D25694C9500A641A5 /* MockLaunchService.swift in Sources */,
			);
			runOnlyForDeploymentPostprocessing = 0;
		};
/* End PBXSourcesBuildPhase section */

/* Begin PBXTargetDependency section */
		00F44221256939D200A641A5 /* PBXTargetDependency */ = {
			isa = PBXTargetDependency;
			target = 00A4967F2569203800940166 /* SpaceX */;
			targetProxy = 00F44220256939D200A641A5 /* PBXContainerItemProxy */;
		};
/* End PBXTargetDependency section */

/* Begin PBXVariantGroup section */
		00A4968E2569203A00940166 /* LaunchScreen.storyboard */ = {
			isa = PBXVariantGroup;
			children = (
				00A4968F2569203A00940166 /* Base */,
			);
			name = LaunchScreen.storyboard;
			sourceTree = "<group>";
		};
/* End PBXVariantGroup section */

/* Begin XCBuildConfiguration section */
		00A496922569203A00940166 /* Debug */ = {
			isa = XCBuildConfiguration;
			buildSettings = {
				ALWAYS_SEARCH_USER_PATHS = NO;
				CLANG_ANALYZER_NONNULL = YES;
				CLANG_ANALYZER_NUMBER_OBJECT_CONVERSION = YES_AGGRESSIVE;
				CLANG_CXX_LANGUAGE_STANDARD = "gnu++14";
				CLANG_CXX_LIBRARY = "libc++";
				CLANG_ENABLE_MODULES = YES;
				CLANG_ENABLE_OBJC_ARC = YES;
				CLANG_ENABLE_OBJC_WEAK = YES;
				CLANG_WARN_BLOCK_CAPTURE_AUTORELEASING = YES;
				CLANG_WARN_BOOL_CONVERSION = YES;
				CLANG_WARN_COMMA = YES;
				CLANG_WARN_CONSTANT_CONVERSION = YES;
				CLANG_WARN_DEPRECATED_OBJC_IMPLEMENTATIONS = YES;
				CLANG_WARN_DIRECT_OBJC_ISA_USAGE = YES_ERROR;
				CLANG_WARN_DOCUMENTATION_COMMENTS = YES;
				CLANG_WARN_EMPTY_BODY = YES;
				CLANG_WARN_ENUM_CONVERSION = YES;
				CLANG_WARN_INFINITE_RECURSION = YES;
				CLANG_WARN_INT_CONVERSION = YES;
				CLANG_WARN_NON_LITERAL_NULL_CONVERSION = YES;
				CLANG_WARN_OBJC_IMPLICIT_RETAIN_SELF = YES;
				CLANG_WARN_OBJC_LITERAL_CONVERSION = YES;
				CLANG_WARN_OBJC_ROOT_CLASS = YES_ERROR;
				CLANG_WARN_QUOTED_INCLUDE_IN_FRAMEWORK_HEADER = YES;
				CLANG_WARN_RANGE_LOOP_ANALYSIS = YES;
				CLANG_WARN_STRICT_PROTOTYPES = YES;
				CLANG_WARN_SUSPICIOUS_MOVE = YES;
				CLANG_WARN_UNGUARDED_AVAILABILITY = YES_AGGRESSIVE;
				CLANG_WARN_UNREACHABLE_CODE = YES;
				CLANG_WARN__DUPLICATE_METHOD_MATCH = YES;
				COPY_PHASE_STRIP = NO;
				DEBUG_INFORMATION_FORMAT = dwarf;
				ENABLE_STRICT_OBJC_MSGSEND = YES;
				ENABLE_TESTABILITY = YES;
				GCC_C_LANGUAGE_STANDARD = gnu11;
				GCC_DYNAMIC_NO_PIC = NO;
				GCC_NO_COMMON_BLOCKS = YES;
				GCC_OPTIMIZATION_LEVEL = 0;
				GCC_PREPROCESSOR_DEFINITIONS = (
					"DEBUG=1",
					"$(inherited)",
				);
				GCC_WARN_64_TO_32_BIT_CONVERSION = YES;
				GCC_WARN_ABOUT_RETURN_TYPE = YES_ERROR;
				GCC_WARN_UNDECLARED_SELECTOR = YES;
				GCC_WARN_UNINITIALIZED_AUTOS = YES_AGGRESSIVE;
				GCC_WARN_UNUSED_FUNCTION = YES;
				GCC_WARN_UNUSED_VARIABLE = YES;
				IPHONEOS_DEPLOYMENT_TARGET = 14.2;
				MTL_ENABLE_DEBUG_INFO = INCLUDE_SOURCE;
				MTL_FAST_MATH = YES;
				ONLY_ACTIVE_ARCH = YES;
				SDKROOT = iphoneos;
				SWIFT_ACTIVE_COMPILATION_CONDITIONS = DEBUG;
				SWIFT_OPTIMIZATION_LEVEL = "-Onone";
			};
			name = Debug;
		};
		00A496932569203A00940166 /* Release */ = {
			isa = XCBuildConfiguration;
			buildSettings = {
				ALWAYS_SEARCH_USER_PATHS = NO;
				CLANG_ANALYZER_NONNULL = YES;
				CLANG_ANALYZER_NUMBER_OBJECT_CONVERSION = YES_AGGRESSIVE;
				CLANG_CXX_LANGUAGE_STANDARD = "gnu++14";
				CLANG_CXX_LIBRARY = "libc++";
				CLANG_ENABLE_MODULES = YES;
				CLANG_ENABLE_OBJC_ARC = YES;
				CLANG_ENABLE_OBJC_WEAK = YES;
				CLANG_WARN_BLOCK_CAPTURE_AUTORELEASING = YES;
				CLANG_WARN_BOOL_CONVERSION = YES;
				CLANG_WARN_COMMA = YES;
				CLANG_WARN_CONSTANT_CONVERSION = YES;
				CLANG_WARN_DEPRECATED_OBJC_IMPLEMENTATIONS = YES;
				CLANG_WARN_DIRECT_OBJC_ISA_USAGE = YES_ERROR;
				CLANG_WARN_DOCUMENTATION_COMMENTS = YES;
				CLANG_WARN_EMPTY_BODY = YES;
				CLANG_WARN_ENUM_CONVERSION = YES;
				CLANG_WARN_INFINITE_RECURSION = YES;
				CLANG_WARN_INT_CONVERSION = YES;
				CLANG_WARN_NON_LITERAL_NULL_CONVERSION = YES;
				CLANG_WARN_OBJC_IMPLICIT_RETAIN_SELF = YES;
				CLANG_WARN_OBJC_LITERAL_CONVERSION = YES;
				CLANG_WARN_OBJC_ROOT_CLASS = YES_ERROR;
				CLANG_WARN_QUOTED_INCLUDE_IN_FRAMEWORK_HEADER = YES;
				CLANG_WARN_RANGE_LOOP_ANALYSIS = YES;
				CLANG_WARN_STRICT_PROTOTYPES = YES;
				CLANG_WARN_SUSPICIOUS_MOVE = YES;
				CLANG_WARN_UNGUARDED_AVAILABILITY = YES_AGGRESSIVE;
				CLANG_WARN_UNREACHABLE_CODE = YES;
				CLANG_WARN__DUPLICATE_METHOD_MATCH = YES;
				COPY_PHASE_STRIP = NO;
				DEBUG_INFORMATION_FORMAT = "dwarf-with-dsym";
				ENABLE_NS_ASSERTIONS = NO;
				ENABLE_STRICT_OBJC_MSGSEND = YES;
				GCC_C_LANGUAGE_STANDARD = gnu11;
				GCC_NO_COMMON_BLOCKS = YES;
				GCC_WARN_64_TO_32_BIT_CONVERSION = YES;
				GCC_WARN_ABOUT_RETURN_TYPE = YES_ERROR;
				GCC_WARN_UNDECLARED_SELECTOR = YES;
				GCC_WARN_UNINITIALIZED_AUTOS = YES_AGGRESSIVE;
				GCC_WARN_UNUSED_FUNCTION = YES;
				GCC_WARN_UNUSED_VARIABLE = YES;
				IPHONEOS_DEPLOYMENT_TARGET = 14.2;
				MTL_ENABLE_DEBUG_INFO = NO;
				MTL_FAST_MATH = YES;
				SDKROOT = iphoneos;
				SWIFT_COMPILATION_MODE = wholemodule;
				SWIFT_OPTIMIZATION_LEVEL = "-O";
				VALIDATE_PRODUCT = YES;
			};
			name = Release;
		};
		00A496952569203A00940166 /* Debug */ = {
			isa = XCBuildConfiguration;
			baseConfigurationReference = 2A1EE4CDB23D29268BDC4C54 /* Pods-SpaceX.debug.xcconfig */;
			buildSettings = {
				ASSETCATALOG_COMPILER_APPICON_NAME = AppIcon;
				ASSETCATALOG_COMPILER_GLOBAL_ACCENT_COLOR_NAME = AccentColor;
				CODE_SIGN_STYLE = Automatic;
				DEVELOPMENT_TEAM = D4T62J4499;
				INFOPLIST_FILE = SpaceX/App/Info.plist;
				LD_RUNPATH_SEARCH_PATHS = (
					"$(inherited)",
					"@executable_path/Frameworks",
				);
				PRODUCT_BUNDLE_IDENTIFIER = com.mct.SpaceX;
				PRODUCT_NAME = "$(TARGET_NAME)";
				SWIFT_VERSION = 5.0;
				TARGETED_DEVICE_FAMILY = "1,2";
			};
			name = Debug;
		};
		00A496962569203A00940166 /* Release */ = {
			isa = XCBuildConfiguration;
			baseConfigurationReference = 5E0A4E0EB5825FB07BB39018 /* Pods-SpaceX.release.xcconfig */;
			buildSettings = {
				ASSETCATALOG_COMPILER_APPICON_NAME = AppIcon;
				ASSETCATALOG_COMPILER_GLOBAL_ACCENT_COLOR_NAME = AccentColor;
				CODE_SIGN_STYLE = Automatic;
				DEVELOPMENT_TEAM = D4T62J4499;
				INFOPLIST_FILE = SpaceX/App/Info.plist;
				LD_RUNPATH_SEARCH_PATHS = (
					"$(inherited)",
					"@executable_path/Frameworks",
				);
				PRODUCT_BUNDLE_IDENTIFIER = com.mct.SpaceX;
				PRODUCT_NAME = "$(TARGET_NAME)";
				SWIFT_VERSION = 5.0;
				TARGETED_DEVICE_FAMILY = "1,2";
			};
			name = Release;
		};
		00F44222256939D200A641A5 /* Debug */ = {
			isa = XCBuildConfiguration;
			buildSettings = {
				BUNDLE_LOADER = "$(TEST_HOST)";
				CODE_SIGN_STYLE = Automatic;
				DEVELOPMENT_TEAM = D4T62J4499;
				INFOPLIST_FILE = SpaceXTests/Info.plist;
				LD_RUNPATH_SEARCH_PATHS = (
					"$(inherited)",
					"@executable_path/Frameworks",
					"@loader_path/Frameworks",
				);
				PRODUCT_BUNDLE_IDENTIFIER = com.mct.SpaceXTests;
				PRODUCT_NAME = "$(TARGET_NAME)";
				SWIFT_VERSION = 5.0;
				TARGETED_DEVICE_FAMILY = "1,2";
				TEST_HOST = "$(BUILT_PRODUCTS_DIR)/SpaceX.app/SpaceX";
			};
			name = Debug;
		};
		00F44223256939D200A641A5 /* Release */ = {
			isa = XCBuildConfiguration;
			buildSettings = {
				BUNDLE_LOADER = "$(TEST_HOST)";
				CODE_SIGN_STYLE = Automatic;
				DEVELOPMENT_TEAM = D4T62J4499;
				INFOPLIST_FILE = SpaceXTests/Info.plist;
				LD_RUNPATH_SEARCH_PATHS = (
					"$(inherited)",
					"@executable_path/Frameworks",
					"@loader_path/Frameworks",
				);
				PRODUCT_BUNDLE_IDENTIFIER = com.mct.SpaceXTests;
				PRODUCT_NAME = "$(TARGET_NAME)";
				SWIFT_VERSION = 5.0;
				TARGETED_DEVICE_FAMILY = "1,2";
				TEST_HOST = "$(BUILT_PRODUCTS_DIR)/SpaceX.app/SpaceX";
			};
			name = Release;
		};
/* End XCBuildConfiguration section */

/* Begin XCConfigurationList section */
		00A4967B2569203800940166 /* Build configuration list for PBXProject "SpaceX" */ = {
			isa = XCConfigurationList;
			buildConfigurations = (
				00A496922569203A00940166 /* Debug */,
				00A496932569203A00940166 /* Release */,
			);
			defaultConfigurationIsVisible = 0;
			defaultConfigurationName = Release;
		};
		00A496942569203A00940166 /* Build configuration list for PBXNativeTarget "SpaceX" */ = {
			isa = XCConfigurationList;
			buildConfigurations = (
				00A496952569203A00940166 /* Debug */,
				00A496962569203A00940166 /* Release */,
			);
			defaultConfigurationIsVisible = 0;
			defaultConfigurationName = Release;
		};
		00F44224256939D200A641A5 /* Build configuration list for PBXNativeTarget "SpaceXTests" */ = {
			isa = XCConfigurationList;
			buildConfigurations = (
				00F44222256939D200A641A5 /* Debug */,
				00F44223256939D200A641A5 /* Release */,
			);
			defaultConfigurationIsVisible = 0;
			defaultConfigurationName = Release;
		};
/* End XCConfigurationList section */
	};
	rootObject = 00A496782569203800940166 /* Project object */;
}
